{
  "lockfile-version": 1,
  "manifest": {
    "version": 1,
    "install": {
      "coreutils": {
        "pkg-path": "coreutils"
      }
    },
    "hook": {},
    "profile": {},
    "options": {
      "systems": [
        "aarch64-darwin",
        "aarch64-linux",
        "x86_64-darwin",
        "x86_64-linux"
      ],
      "allow": {
        "licenses": []
      },
      "semver": {}
    }
  },
  "packages": [
    {
      "attr_path": "coreutils",
      "broken": false,
      "derivation": "/nix/store/sh06wr55kazqfpz0lc3r4kjp00wsj3ks-coreutils-9.6.drv",
      "description": "GNU Core Utilities",
      "install_id": "coreutils",
      "license": "GPL-3.0-or-later",
      "locked_url": "https://github.com/flox/nixpkgs?rev=a84ebe20c6bc2ecbcfb000a50776219f48d134cc",
      "name": "coreutils-9.6",
      "pname": "coreutils",
      "rev": "a84ebe20c6bc2ecbcfb000a50776219f48d134cc",
      "rev_count": 770807,
      "rev_date": "2025-03-19T22:12:44Z",
      "scrape_date": "2025-03-22T01:09:06.813221Z",
      "stabilities": [
        "unstable"
      ],
      "unfree": false,
      "version": "9.6",
      "outputs_to_install": [
        "out"
      ],
      "outputs": {
        "info": "/nix/store/65m47sn1g6yv3g6ncmf0x4gsw5wl880g-coreutils-9.6-info",
        "out": "/nix/store/a8lb0q3y83n0bn5s4gayyvfkgjn13ial-coreutils-9.6"
      },
      "system": "aarch64-darwin",
      "group": "toplevel",
      "priority": 5
    },
    {
      "attr_path": "coreutils",
      "broken": false,
      "derivation": "/nix/store/pjyw4w3z7i6ansg34b72a8ykj3h9m9yv-coreutils-9.6.drv",
      "description": "GNU Core Utilities",
      "install_id": "coreutils",
      "license": "GPL-3.0-or-later",
      "locked_url": "https://github.com/flox/nixpkgs?rev=a84ebe20c6bc2ecbcfb000a50776219f48d134cc",
      "name": "coreutils-9.6",
      "pname": "coreutils",
      "rev": "a84ebe20c6bc2ecbcfb000a50776219f48d134cc",
      "rev_count": 770807,
      "rev_date": "2025-03-19T22:12:44Z",
      "scrape_date": "2025-03-22T01:25:54.636334Z",
      "stabilities": [
        "unstable"
      ],
      "unfree": false,
      "version": "9.6",
      "outputs_to_install": [
        "out"
      ],
      "outputs": {
        "debug": "/nix/store/inl1iq5cgy3rxx22apxcjkrk1lq9scjz-coreutils-9.6-debug",
        "info": "/nix/store/njr94ajn51h23kvwqsxpqf8n7q7qkrvi-coreutils-9.6-info",
        "out": "/nix/store/c9cz24jydkkk3w1iqdy1vcd1886slp1z-coreutils-9.6"
      },
      "system": "aarch64-linux",
      "group": "toplevel",
      "priority": 5
    },
    {
      "attr_path": "coreutils",
      "broken": false,
      "derivation": "/nix/store/acvn96kghjs069i9js8z1ykc0vd3g1qp-coreutils-9.6.drv",
      "description": "GNU Core Utilities",
      "install_id": "coreutils",
      "license": "GPL-3.0-or-later",
      "locked_url": "https://github.com/flox/nixpkgs?rev=a84ebe20c6bc2ecbcfb000a50776219f48d134cc",
      "name": "coreutils-9.6",
      "pname": "coreutils",
      "rev": "a84ebe20c6bc2ecbcfb000a50776219f48d134cc",
      "rev_count": 770807,
      "rev_date": "2025-03-19T22:12:44Z",
      "scrape_date": "2025-03-22T01:41:11.276978Z",
      "stabilities": [
        "unstable"
      ],
      "unfree": false,
      "version": "9.6",
      "outputs_to_install": [
        "out"
      ],
      "outputs": {
        "info": "/nix/store/35b050qms17afzs3hspjcmmc5knvnlds-coreutils-9.6-info",
        "out": "/nix/store/dylz6jypr1wcicja4d64gsgl5ncqwl5y-coreutils-9.6"
      },
      "system": "x86_64-darwin",
      "group": "toplevel",
      "priority": 5
    },
    {
      "attr_path": "coreutils",
      "broken": false,
      "derivation": "/nix/store/y0kvispp5rspdq7w1krdn71crwkdmxv5-coreutils-9.6.drv",
      "description": "GNU Core Utilities",
      "install_id": "coreutils",
      "license": "GPL-3.0-or-later",
      "locked_url": "https://github.com/flox/nixpkgs?rev=a84ebe20c6bc2ecbcfb000a50776219f48d134cc",
      "name": "coreutils-9.6",
      "pname": "coreutils",
      "rev": "a84ebe20c6bc2ecbcfb000a50776219f48d134cc",
      "rev_count": 770807,
      "rev_date": "2025-03-19T22:12:44Z",
      "scrape_date": "2025-03-22T01:59:11.638466Z",
      "stabilities": [
        "unstable"
      ],
      "unfree": false,
      "version": "9.6",
      "outputs_to_install": [
        "out"
      ],
      "outputs": {
        "debug": "/nix/store/lcvs98533i7plnqgra5v9y7ar93g571n-coreutils-9.6-debug",
        "info": "/nix/store/drpnpibm22qiqby1y9cqngp100hlzd25-coreutils-9.6-info",
        "out": "/nix/store/vz67zaqyfln2jcqwar682kdlrxfx9vq1-coreutils-9.6"
      },
      "system": "x86_64-linux",
      "group": "toplevel",
      "priority": 5
    }
  ]
}